
Microsoft Visual Studio Solution File, Format Version 12.00
# Visual Studio Version 16
VisualStudioVersion = 16.0.30011.22
MinimumVisualStudioVersion = 10.0.40219.1
Project("{FAE04EC0-301F-11D3-BF4B-00C04F79EFBC}") = "PriconneSizer", "PriconneSizer.csproj", "{54BDA0B5-C556-4692-8405-1BE504E0E224}"
EndProject
Global
	GlobalSection(SolutionConfigurationPlatforms) = preSolution
		Debug|Any CPU = Debug|Any CPU
		Release|Any CPU = Release|Any CPU
	EndGlobalSection
	GlobalSection(ProjectConfigurationPlatforms) = postSolution
		{54BDA0B5-C556-4692-8405-1BE504E0E224}.Debug|Any CPU.ActiveCfg = Debug|Any CPU
		{54BDA0B5-C556-4692-8405-1BE504E0E224}.Debug|Any CPU.Build.0 = Debug|Any CPU
		{54BDA0B5-C556-4692-8405-1BE504E0E224}.Release|Any CPU.ActiveCfg = Release|Any CPU
		{54BDA0B5-C556-4692-8405-1BE504E0E224}.Release|Any CPU.Build.0 = Release|Any CPU
	EndGlobalSection
	GlobalSection(SolutionProperties) = preSolution
		HideSolutionNode = FALSE
	EndGlobalSection
	GlobalSection(ExtensibilityGlobals) = postSolution
		SolutionGuid = {FCEB5AAD-730D-49C2-9C9D-8FE01F09FC0B}
	EndGlobalSection
EndGlobal
